
Microsoft Visual Studio Solution File, Format Version 12.00
# Visual Studio Version 16
VisualStudioVersion = 16.0.30523.141
MinimumVisualStudioVersion = 10.0.40219.1
Project("{FAE04EC0-301F-11D3-BF4B-00C04F79EFBC}") = "calculator", "calculator\calculator.csproj", "{2624050E-E7B9-41C2-8B69-FFB03736902B}"
EndProject
Global
	GlobalSection(SolutionConfigurationPlatforms) = preSolution
		Debug|Any CPU = Debug|Any CPU
		Release|Any CPU = Release|Any CPU
	EndGlobalSection
	GlobalSection(ProjectConfigurationPlatforms) = postSolution
		{2624050E-E7B9-41C2-8B69-FFB03736902B}.Debug|Any CPU.ActiveCfg = Debug|Any CPU
		{2624050E-E7B9-41C2-8B69-FFB03736902B}.Debug|Any CPU.Build.0 = Debug|Any CPU
		{2624050E-E7B9-41C2-8B69-FFB03736902B}.Release|Any CPU.ActiveCfg = Release|Any CPU
		{2624050E-E7B9-41C2-8B69-FFB03736902B}.Release|Any CPU.Build.0 = Release|Any CPU
	EndGlobalSection
	GlobalSection(SolutionProperties) = preSolution
		HideSolutionNode = FALSE
	EndGlobalSection
	GlobalSection(ExtensibilityGlobals) = postSolution
		SolutionGuid = {A1752824-FF1D-4E58-B459-E606C3C1C317}
	EndGlobalSection
EndGlobal
